// !$*UTF8*$!
{
	archiveVersion = 1;
	classes = {
	};
	objectVersion = 50;
	objects = {

/* Begin PBXBuildFile section */
		5011810E2732B65F00C2EED2 /* AppDelegate.swift in Sources */ = {isa = PBXBuildFile; fileRef = 5011810D2732B65F00C2EED2 /* AppDelegate.swift */; };
		501181102732B65F00C2EED2 /* SceneDelegate.swift in Sources */ = {isa = PBXBuildFile; fileRef = 5011810F2732B65F00C2EED2 /* SceneDelegate.swift */; };
		501181152732B65F00C2EED2 /* Main.storyboard in Resources */ = {isa = PBXBuildFile; fileRef = 501181132732B65F00C2EED2 /* Main.storyboard */; };
		501181172732B66200C2EED2 /* Assets.xcassets in Resources */ = {isa = PBXBuildFile; fileRef = 501181162732B66200C2EED2 /* Assets.xcassets */; };
		5011811A2732B66200C2EED2 /* LaunchScreen.storyboard in Resources */ = {isa = PBXBuildFile; fileRef = 501181182732B66200C2EED2 /* LaunchScreen.storyboard */; };
		501181272732B9B400C2EED2 /* navigationController.storyboard in Resources */ = {isa = PBXBuildFile; fileRef = 501181262732B9B400C2EED2 /* navigationController.storyboard */; };
		5011812B2732BAD100C2EED2 /* FirstTabVC.swift in Sources */ = {isa = PBXBuildFile; fileRef = 5011812A2732BAD100C2EED2 /* FirstTabVC.swift */; };
		5011812F2732BC0000C2EED2 /* SecondTabVC.swift in Sources */ = {isa = PBXBuildFile; fileRef = 5011812E2732BC0000C2EED2 /* SecondTabVC.swift */; };
		501181322732BC1D00C2EED2 /* TabbarVC.swift in Sources */ = {isa = PBXBuildFile; fileRef = 501181312732BC1D00C2EED2 /* TabbarVC.swift */; };
/* End PBXBuildFile section */

/* Begin PBXFileReference section */
		5011810A2732B65E00C2EED2 /* ios-refs.app */ = {isa = PBXFileReference; explicitFileType = wrapper.application; includeInIndex = 0; path = "ios-refs.app"; sourceTree = BUILT_PRODUCTS_DIR; };
		5011810D2732B65F00C2EED2 /* AppDelegate.swift */ = {isa = PBXFileReference; lastKnownFileType = sourcecode.swift; path = AppDelegate.swift; sourceTree = "<group>"; };
		5011810F2732B65F00C2EED2 /* SceneDelegate.swift */ = {isa = PBXFileReference; lastKnownFileType = sourcecode.swift; path = SceneDelegate.swift; sourceTree = "<group>"; };
		501181142732B65F00C2EED2 /* Base */ = {isa = PBXFileReference; lastKnownFileType = file.storyboard; name = Base; path = Base.lproj/Main.storyboard; sourceTree = "<group>"; };
		501181162732B66200C2EED2 /* Assets.xcassets */ = {isa = PBXFileReference; lastKnownFileType = folder.assetcatalog; path = Assets.xcassets; sourceTree = "<group>"; };
		501181192732B66200C2EED2 /* Base */ = {isa = PBXFileReference; lastKnownFileType = file.storyboard; name = Base; path = Base.lproj/LaunchScreen.storyboard; sourceTree = "<group>"; };
		5011811B2732B66200C2EED2 /* Info.plist */ = {isa = PBXFileReference; lastKnownFileType = text.plist.xml; path = Info.plist; sourceTree = "<group>"; };
		501181262732B9B400C2EED2 /* navigationController.storyboard */ = {isa = PBXFileReference; lastKnownFileType = file.storyboard; path = navigationController.storyboard; sourceTree = "<group>"; };
		5011812A2732BAD100C2EED2 /* FirstTabVC.swift */ = {isa = PBXFileReference; lastKnownFileType = sourcecode.swift; path = FirstTabVC.swift; sourceTree = "<group>"; };
		5011812E2732BC0000C2EED2 /* SecondTabVC.swift */ = {isa = PBXFileReference; lastKnownFileType = sourcecode.swift; path = SecondTabVC.swift; sourceTree = "<group>"; };
		501181312732BC1D00C2EED2 /* TabbarVC.swift */ = {isa = PBXFileReference; lastKnownFileType = sourcecode.swift; path = TabbarVC.swift; sourceTree = "<group>"; };
/* End PBXFileReference section */

/* Begin PBXFrameworksBuildPhase section */
		501181072732B65E00C2EED2 /* Frameworks */ = {
			isa = PBXFrameworksBuildPhase;
			buildActionMask = 2147483647;
			files = (
			);
			runOnlyForDeploymentPostprocessing = 0;
		};
/* End PBXFrameworksBuildPhase section */

/* Begin PBXGroup section */
		501181012732B65E00C2EED2 = {
			isa = PBXGroup;
			children = (
				5011810C2732B65F00C2EED2 /* ios-refs */,
				5011810B2732B65E00C2EED2 /* Products */,
			);
			sourceTree = "<group>";
		};
		5011810B2732B65E00C2EED2 /* Products */ = {
			isa = PBXGroup;
			children = (
				5011810A2732B65E00C2EED2 /* ios-refs.app */,
			);
			name = Products;
			sourceTree = "<group>";
		};
		5011810C2732B65F00C2EED2 /* ios-refs */ = {
			isa = PBXGroup;
			children = (
				5011810D2732B65F00C2EED2 /* AppDelegate.swift */,
				5011810F2732B65F00C2EED2 /* SceneDelegate.swift */,
				501181252732B97900C2EED2 /* navigationController */,
				501181232732B95900C2EED2 /* tabbarController */,
				501181162732B66200C2EED2 /* Assets.xcassets */,
				501181182732B66200C2EED2 /* LaunchScreen.storyboard */,
				5011811B2732B66200C2EED2 /* Info.plist */,
			);
			path = "ios-refs";
			sourceTree = "<group>";
		};
		501181232732B95900C2EED2 /* tabbarController */ = {
			isa = PBXGroup;
			children = (
				501181132732B65F00C2EED2 /* Main.storyboard */,
				5011812E2732BC0000C2EED2 /* SecondTabVC.swift */,
				501181312732BC1D00C2EED2 /* TabbarVC.swift */,
				5011812A2732BAD100C2EED2 /* FirstTabVC.swift */,
			);
			path = tabbarController;
			sourceTree = "<group>";
		};
		501181252732B97900C2EED2 /* navigationController */ = {
			isa = PBXGroup;
			children = (
				501181262732B9B400C2EED2 /* navigationController.storyboard */,
			);
			path = navigationController;
			sourceTree = "<group>";
		};
/* End PBXGroup section */

/* Begin PBXNativeTarget section */
		501181092732B65E00C2EED2 /* ios-refs */ = {
			isa = PBXNativeTarget;
			buildConfigurationList = 5011811E2732B66200C2EED2 /* Build configuration list for PBXNativeTarget "ios-refs" */;
			buildPhases = (
				501181062732B65E00C2EED2 /* Sources */,
				501181072732B65E00C2EED2 /* Frameworks */,
				501181082732B65E00C2EED2 /* Resources */,
			);
			buildRules = (
			);
			dependencies = (
			);
			name = "ios-refs";
			productName = "ios-refs";
			productReference = 5011810A2732B65E00C2EED2 /* ios-refs.app */;
			productType = "com.apple.product-type.application";
		};
/* End PBXNativeTarget section */

/* Begin PBXProject section */
		501181022732B65E00C2EED2 /* Project object */ = {
			isa = PBXProject;
			attributes = {
				LastSwiftUpdateCheck = 1240;
				LastUpgradeCheck = 1240;
				TargetAttributes = {
					501181092732B65E00C2EED2 = {
						CreatedOnToolsVersion = 12.4;
					};
				};
			};
			buildConfigurationList = 501181052732B65E00C2EED2 /* Build configuration list for PBXProject "ios-refs" */;
			compatibilityVersion = "Xcode 9.3";
			developmentRegion = en;
			hasScannedForEncodings = 0;
			knownRegions = (
				en,
				Base,
			);
			mainGroup = 501181012732B65E00C2EED2;
			productRefGroup = 5011810B2732B65E00C2EED2 /* Products */;
			projectDirPath = "";
			projectRoot = "";
			targets = (
				501181092732B65E00C2EED2 /* ios-refs */,
			);
		};
/* End PBXProject section */

/* Begin PBXResourcesBuildPhase section */
		501181082732B65E00C2EED2 /* Resources */ = {
			isa = PBXResourcesBuildPhase;
			buildActionMask = 2147483647;
			files = (
				5011811A2732B66200C2EED2 /* LaunchScreen.storyboard in Resources */,
				501181172732B66200C2EED2 /* Assets.xcassets in Resources */,
				501181272732B9B400C2EED2 /* navigationController.storyboard in Resources */,
				501181152732B65F00C2EED2 /* Main.storyboard in Resources */,
			);
			runOnlyForDeploymentPostprocessing = 0;
		};
/* End PBXResourcesBuildPhase section */

/* Begin PBXSourcesBuildPhase section */
		501181062732B65E00C2EED2 /* Sources */ = {
			isa = PBXSourcesBuildPhase;
			buildActionMask = 2147483647;
			files = (
				5011810E2732B65F00C2EED2 /* AppDelegate.swift in Sources */,
				5011812F2732BC0000C2EED2 /* SecondTabVC.swift in Sources */,
				501181102732B65F00C2EED2 /* SceneDelegate.swift in Sources */,
				5011812B2732BAD100C2EED2 /* FirstTabVC.swift in Sources */,
				501181322732BC1D00C2EED2 /* TabbarVC.swift in Sources */,
			);
			runOnlyForDeploymentPostprocessing = 0;
		};
/* End PBXSourcesBuildPhase section */

/* Begin PBXVariantGroup section */
		501181132732B65F00C2EED2 /* Main.storyboard */ = {
			isa = PBXVariantGroup;
			children = (
				501181142732B65F00C2EED2 /* Base */,
			);
			name = Main.storyboard;
			sourceTree = "<group>";
		};
		501181182732B66200C2EED2 /* LaunchScreen.storyboard */ = {
			isa = PBXVariantGroup;
			children = (
				501181192732B66200C2EED2 /* Base */,
			);
			name = LaunchScreen.storyboard;
			sourceTree = "<group>";
		};
/* End PBXVariantGroup section */

/* Begin XCBuildConfiguration section */
		5011811C2732B66200C2EED2 /* Debug */ = {
			isa = XCBuildConfiguration;
			buildSettings = {
				ALWAYS_SEARCH_USER_PATHS = NO;
				CLANG_ANALYZER_NONNULL = YES;
				CLANG_ANALYZER_NUMBER_OBJECT_CONVERSION = YES_AGGRESSIVE;
				CLANG_CXX_LANGUAGE_STANDARD = "gnu++14";
				CLANG_CXX_LIBRARY = "libc++";
				CLANG_ENABLE_MODULES = YES;
				CLANG_ENABLE_OBJC_ARC = YES;
				CLANG_ENABLE_OBJC_WEAK = YES;
				CLANG_WARN_BLOCK_CAPTURE_AUTORELEASING = YES;
				CLANG_WARN_BOOL_CONVERSION = YES;
				CLANG_WARN_COMMA = YES;
				CLANG_WARN_CONSTANT_CONVERSION = YES;
				CLANG_WARN_DEPRECATED_OBJC_IMPLEMENTATIONS = YES;
				CLANG_WARN_DIRECT_OBJC_ISA_USAGE = YES_ERROR;
				CLANG_WARN_DOCUMENTATION_COMMENTS = YES;
				CLANG_WARN_EMPTY_BODY = YES;
				CLANG_WARN_ENUM_CONVERSION = YES;
				CLANG_WARN_INFINITE_RECURSION = YES;
				CLANG_WARN_INT_CONVERSION = YES;
				CLANG_WARN_NON_LITERAL_NULL_CONVERSION = YES;
				CLANG_WARN_OBJC_IMPLICIT_RETAIN_SELF = YES;
				CLANG_WARN_OBJC_LITERAL_CONVERSION = YES;
				CLANG_WARN_OBJC_ROOT_CLASS = YES_ERROR;
				CLANG_WARN_QUOTED_INCLUDE_IN_FRAMEWORK_HEADER = YES;
				CLANG_WARN_RANGE_LOOP_ANALYSIS = YES;
				CLANG_WARN_STRICT_PROTOTYPES = YES;
				CLANG_WARN_SUSPICIOUS_MOVE = YES;
				CLANG_WARN_UNGUARDED_AVAILABILITY = YES_AGGRESSIVE;
				CLANG_WARN_UNREACHABLE_CODE = YES;
				CLANG_WARN__DUPLICATE_METHOD_MATCH = YES;
				COPY_PHASE_STRIP = NO;
				DEBUG_INFORMATION_FORMAT = dwarf;
				ENABLE_STRICT_OBJC_MSGSEND = YES;
				ENABLE_TESTABILITY = YES;
				GCC_C_LANGUAGE_STANDARD = gnu11;
				GCC_DYNAMIC_NO_PIC = NO;
				GCC_NO_COMMON_BLOCKS = YES;
				GCC_OPTIMIZATION_LEVEL = 0;
				GCC_PREPROCESSOR_DEFINITIONS = (
					"DEBUG=1",
					"$(inherited)",
				);
				GCC_WARN_64_TO_32_BIT_CONVERSION = YES;
				GCC_WARN_ABOUT_RETURN_TYPE = YES_ERROR;
				GCC_WARN_UNDECLARED_SELECTOR = YES;
				GCC_WARN_UNINITIALIZED_AUTOS = YES_AGGRESSIVE;
				GCC_WARN_UNUSED_FUNCTION = YES;
				GCC_WARN_UNUSED_VARIABLE = YES;
				IPHONEOS_DEPLOYMENT_TARGET = 14.4;
				MTL_ENABLE_DEBUG_INFO = INCLUDE_SOURCE;
				MTL_FAST_MATH = YES;
				ONLY_ACTIVE_ARCH = YES;
				SDKROOT = iphoneos;
				SWIFT_ACTIVE_COMPILATION_CONDITIONS = DEBUG;
				SWIFT_OPTIMIZATION_LEVEL = "-Onone";
			};
			name = Debug;
		};
		5011811D2732B66200C2EED2 /* Release */ = {
			isa = XCBuildConfiguration;
			buildSettings = {
				ALWAYS_SEARCH_USER_PATHS = NO;
				CLANG_ANALYZER_NONNULL = YES;
				CLANG_ANALYZER_NUMBER_OBJECT_CONVERSION = YES_AGGRESSIVE;
				CLANG_CXX_LANGUAGE_STANDARD = "gnu++14";
				CLANG_CXX_LIBRARY = "libc++";
				CLANG_ENABLE_MODULES = YES;
				CLANG_ENABLE_OBJC_ARC = YES;
				CLANG_ENABLE_OBJC_WEAK = YES;
				CLANG_WARN_BLOCK_CAPTURE_AUTORELEASING = YES;
				CLANG_WARN_BOOL_CONVERSION = YES;
				CLANG_WARN_COMMA = YES;
				CLANG_WARN_CONSTANT_CONVERSION = YES;
				CLANG_WARN_DEPRECATED_OBJC_IMPLEMENTATIONS = YES;
				CLANG_WARN_DIRECT_OBJC_ISA_USAGE = YES_ERROR;
				CLANG_WARN_DOCUMENTATION_COMMENTS = YES;
				CLANG_WARN_EMPTY_BODY = YES;
				CLANG_WARN_ENUM_CONVERSION = YES;
				CLANG_WARN_INFINITE_RECURSION = YES;
				CLANG_WARN_INT_CONVERSION = YES;
				CLANG_WARN_NON_LITERAL_NULL_CONVERSION = YES;
				CLANG_WARN_OBJC_IMPLICIT_RETAIN_SELF = YES;
				CLANG_WARN_OBJC_LITERAL_CONVERSION = YES;
				CLANG_WARN_OBJC_ROOT_CLASS = YES_ERROR;
				CLANG_WARN_QUOTED_INCLUDE_IN_FRAMEWORK_HEADER = YES;
				CLANG_WARN_RANGE_LOOP_ANALYSIS = YES;
				CLANG_WARN_STRICT_PROTOTYPES = YES;
				CLANG_WARN_SUSPICIOUS_MOVE = YES;
				CLANG_WARN_UNGUARDED_AVAILABILITY = YES_AGGRESSIVE;
				CLANG_WARN_UNREACHABLE_CODE = YES;
				CLANG_WARN__DUPLICATE_METHOD_MATCH = YES;
				COPY_PHASE_STRIP = NO;
				DEBUG_INFORMATION_FORMAT = "dwarf-with-dsym";
				ENABLE_NS_ASSERTIONS = NO;
				ENABLE_STRICT_OBJC_MSGSEND = YES;
				GCC_C_LANGUAGE_STANDARD = gnu11;
				GCC_NO_COMMON_BLOCKS = YES;
				GCC_WARN_64_TO_32_BIT_CONVERSION = YES;
				GCC_WARN_ABOUT_RETURN_TYPE = YES_ERROR;
				GCC_WARN_UNDECLARED_SELECTOR = YES;
				GCC_WARN_UNINITIALIZED_AUTOS = YES_AGGRESSIVE;
				GCC_WARN_UNUSED_FUNCTION = YES;
				GCC_WARN_UNUSED_VARIABLE = YES;
				IPHONEOS_DEPLOYMENT_TARGET = 14.4;
				MTL_ENABLE_DEBUG_INFO = NO;
				MTL_FAST_MATH = YES;
				SDKROOT = iphoneos;
				SWIFT_COMPILATION_MODE = wholemodule;
				SWIFT_OPTIMIZATION_LEVEL = "-O";
				VALIDATE_PRODUCT = YES;
			};
			name = Release;
		};
		5011811F2732B66200C2EED2 /* Debug */ = {
			isa = XCBuildConfiguration;
			buildSettings = {
				ASSETCATALOG_COMPILER_APPICON_NAME = AppIcon;
				ASSETCATALOG_COMPILER_GLOBAL_ACCENT_COLOR_NAME = AccentColor;
				CODE_SIGN_STYLE = Automatic;
				DEVELOPMENT_TEAM = C3393774XF;
				INFOPLIST_FILE = "ios-refs/Info.plist";
				LD_RUNPATH_SEARCH_PATHS = (
					"$(inherited)",
					"@executable_path/Frameworks",
				);
				PRODUCT_BUNDLE_IDENTIFIER = "com.leon.ios-refs";
				PRODUCT_NAME = "$(TARGET_NAME)";
				SWIFT_VERSION = 5.0;
				TARGETED_DEVICE_FAMILY = "1,2";
			};
			name = Debug;
		};
		501181202732B66200C2EED2 /* Release */ = {
			isa = XCBuildConfiguration;
			buildSettings = {
				ASSETCATALOG_COMPILER_APPICON_NAME = AppIcon;
				ASSETCATALOG_COMPILER_GLOBAL_ACCENT_COLOR_NAME = AccentColor;
				CODE_SIGN_STYLE = Automatic;
				DEVELOPMENT_TEAM = C3393774XF;
				INFOPLIST_FILE = "ios-refs/Info.plist";
				LD_RUNPATH_SEARCH_PATHS = (
					"$(inherited)",
					"@executable_path/Frameworks",
				);
				PRODUCT_BUNDLE_IDENTIFIER = "com.leon.ios-refs";
				PRODUCT_NAME = "$(TARGET_NAME)";
				SWIFT_VERSION = 5.0;
				TARGETED_DEVICE_FAMILY = "1,2";
			};
			name = Release;
		};
/* End XCBuildConfiguration section */

/* Begin XCConfigurationList section */
		501181052732B65E00C2EED2 /* Build configuration list for PBXProject "ios-refs" */ = {
			isa = XCConfigurationList;
			buildConfigurations = (
				5011811C2732B66200C2EED2 /* Debug */,
				5011811D2732B66200C2EED2 /* Release */,
			);
			defaultConfigurationIsVisible = 0;
			defaultConfigurationName = Release;
		};
		5011811E2732B66200C2EED2 /* Build configuration list for PBXNativeTarget "ios-refs" */ = {
			isa = XCConfigurationList;
			buildConfigurations = (
				5011811F2732B66200C2EED2 /* Debug */,
				501181202732B66200C2EED2 /* Release */,
			);
			defaultConfigurationIsVisible = 0;
			defaultConfigurationName = Release;
		};
/* End XCConfigurationList section */
	};
	rootObject = 501181022732B65E00C2EED2 /* Project object */;
}
